
Microsoft Visual Studio Solution File, Format Version 12.00
# Visual Studio Version 16
VisualStudioVersion = 16.0.29806.167
MinimumVisualStudioVersion = 10.0.40219.1
Project("{9A19103F-16F7-4668-BE54-9A1E7A4F7556}") = "ShowingLargeFilesReport", "LinqIntroduction\ShowingLargeFilesReport.csproj", "{8FB08D99-D3AC-43BC-AB6E-12C3669D676D}"
EndProject
Project("{9A19103F-16F7-4668-BE54-9A1E7A4F7556}") = "FeaturesExtensionMethods", "FeaturesExtensionMethods\FeaturesExtensionMethods.csproj", "{809313B1-0260-43E8-A12E-80B3FFD3CB06}"
EndProject
Project("{FAE04EC0-301F-11D3-BF4B-00C04F79EFBC}") = "CustomFiltering", "CustomFiltering\CustomFiltering.csproj", "{8302B514-7E78-4181-8DD2-3CE40476BEF5}"
EndProject
Global
	GlobalSection(SolutionConfigurationPlatforms) = preSolution
		Debug|Any CPU = Debug|Any CPU
		Release|Any CPU = Release|Any CPU
	EndGlobalSection
	GlobalSection(ProjectConfigurationPlatforms) = postSolution
		{8FB08D99-D3AC-43BC-AB6E-12C3669D676D}.Debug|Any CPU.ActiveCfg = Debug|Any CPU
		{8FB08D99-D3AC-43BC-AB6E-12C3669D676D}.Debug|Any CPU.Build.0 = Debug|Any CPU
		{8FB08D99-D3AC-43BC-AB6E-12C3669D676D}.Release|Any CPU.ActiveCfg = Release|Any CPU
		{8FB08D99-D3AC-43BC-AB6E-12C3669D676D}.Release|Any CPU.Build.0 = Release|Any CPU
		{809313B1-0260-43E8-A12E-80B3FFD3CB06}.Debug|Any CPU.ActiveCfg = Debug|Any CPU
		{809313B1-0260-43E8-A12E-80B3FFD3CB06}.Debug|Any CPU.Build.0 = Debug|Any CPU
		{809313B1-0260-43E8-A12E-80B3FFD3CB06}.Release|Any CPU.ActiveCfg = Release|Any CPU
		{809313B1-0260-43E8-A12E-80B3FFD3CB06}.Release|Any CPU.Build.0 = Release|Any CPU
		{8302B514-7E78-4181-8DD2-3CE40476BEF5}.Debug|Any CPU.ActiveCfg = Debug|Any CPU
		{8302B514-7E78-4181-8DD2-3CE40476BEF5}.Debug|Any CPU.Build.0 = Debug|Any CPU
		{8302B514-7E78-4181-8DD2-3CE40476BEF5}.Release|Any CPU.ActiveCfg = Release|Any CPU
		{8302B514-7E78-4181-8DD2-3CE40476BEF5}.Release|Any CPU.Build.0 = Release|Any CPU
	EndGlobalSection
	GlobalSection(SolutionProperties) = preSolution
		HideSolutionNode = FALSE
	EndGlobalSection
	GlobalSection(ExtensibilityGlobals) = postSolution
		SolutionGuid = {1BE43DDB-CC12-49F5-888E-4B7477F6208A}
	EndGlobalSection
EndGlobal
